# This file is autogenerated, do not edit; changes may be undone by the next 'dep ensure'.


[[projects]]
  digest = "1:36a09cc835bc6ce3742bbd2ec19bf6162577aa8aa09bb3976ae42eb8b52ba93b"
  name = "github.com/gortc/stun"
  packages = [
    ".",
    "internal/hmac",
  ]
  pruneopts = ""
  revision = "ca7892b4fd374cfea321866c813f444e0d4cf9bd"
  version = "v1.9.0"

[[projects]]
  digest = "1:5e30725e7522642910b34208061b21bb0cd77b8ce115c3133a1431c52054e004"
  name = "go.uber.org/atomic"
  packages = ["."]
  pruneopts = ""
  revision = "1ea20fb1cbb1cc08cbd0d913a96dead89aa18289"
  version = "v1.3.2"

[[projects]]
  digest = "1:22c7effcb4da0eacb2bb1940ee173fac010e9ef3c691f5de4b524d538bd980f5"
  name = "go.uber.org/multierr"
  packages = ["."]
  pruneopts = ""
  revision = "3c4937480c32f4c13a875a1829af76c98ca3d40a"
  version = "v1.1.0"

[[projects]]
  digest = "1:07b1f6daba5d9e90146208c3143835eef4d34ad5d10ddd631d5b1ffd2f9383cb"
  name = "go.uber.org/zap"
  packages = [
    ".",
    "buffer",
    "internal/bufferpool",
    "internal/color",
    "internal/exit",
    "zapcore",
  ]
  pruneopts = ""
  revision = "4d45f9617f7d90f7a663ff21c7a4321dbe78098b"
  version = "v1.9.0"

[solve-meta]
  analyzer-name = "dep"
  analyzer-version = 1
  input-imports = [
    "github.com/gortc/stun",
    "go.uber.org/zap",
    "go.uber.org/zap/zapcore",
  ]
  solver-name = "gps-cdcl"
  solver-version = 1
